{
  "name": "openid-client-workerd-tests",
  "lockfileVersion": 3,
  "requires": true,
  "packages": {
    "": {
      "name": "openid-client-workerd-tests",
      "devDependencies": {
        "workerd": "1.20260821.1"
      }
    },
    "node_modules/@cloudflare/workerd-darwin-64": {
      "version": "1.20260821.1",
      "resolved": "https://registry.npmjs.org/@cloudflare/workerd-darwin-64/-/workerd-darwin-64-1.20260821.1.tgz",
      "integrity": "sha512-ltb3ATdFxLsmJa1RcAB+6cADCzjNPl7+q3BAv5eMBFCgiJVxfsEwVgA8R9oNQZCzxKM906BWfORwUKQniMO7Xw==",
      "cpu": [
        "x64"
      ],
      "dev": true,
      "license": "Apache-2.0",
      "optional": true,
      "os": [
        "darwin"
      ],
      "engines": {
        "node": ">=16"
      }
    },
    "node_modules/@cloudflare/workerd-darwin-arm64": {
      "version": "1.20260821.1",
      "resolved": "https://registry.npmjs.org/@cloudflare/workerd-darwin-arm64/-/workerd-darwin-arm64-1.20260821.1.tgz",
      "integrity": "sha512-2UdZBBMRoSSMuVVLXasnFKl8x/6eOjcGISTRhcJuaZ6JHmqrp6/5S7Q7/DZRG4o2Fu0bBIWAw7vpzOCwLDIFNw==",
      "cpu": [
        "arm64"
      ],
      "dev": true,
      "license": "Apache-2.0",
      "optional": true,
      "os": [
        "darwin"
      ],
      "engines": {
        "node": ">=16"
      }
    },
    "node_modules/@cloudflare/workerd-linux-64": {
      "version": "1.20260821.1",
      "resolved": "https://registry.npmjs.org/@cloudflare/workerd-linux-64/-/workerd-linux-64-1.20260821.1.tgz",
      "integrity": "sha512-DMmVzA1JyZoiXhEMOoSgFJo/rLgH9N7t4JmgmSuc0PnC2MxbmNNuYpAWByBT6+YjfW0xw/TjvwpMM8nj21dHvg==",
      "cpu": [
        "x64"
      ],
      "dev": true,
      "license": "Apache-2.0",
      "optional": true,
      "os": [
        "linux"
      ],
      "engines": {
        "node": ">=16"
      }
    },
    "node_modules/@cloudflare/workerd-linux-arm64": {
      "version": "1.20260821.1",
      "resolved": "https://registry.npmjs.org/@cloudflare/workerd-linux-arm64/-/workerd-linux-arm64-1.20260821.1.tgz",
      "integrity": "sha512-o5md2yf4960HabWtu3LmJwZCr6n6EUPM9hsxNddOz7bWh7CdF5kPxFSu6Yo4/c4JJwSRT8w7h91jDF6FBNchpw==",
      "cpu": [
        "arm64"
      ],
      "dev": true,
      "license": "Apache-2.0",
      "optional": true,
      "os": [
        "linux"
      ],
      "engines": {
        "node": ">=16"
      }
    },
    "node_modules/@cloudflare/workerd-windows-64": {
      "version": "1.20260821.1",
      "resolved": "https://registry.npmjs.org/@cloudflare/workerd-windows-64/-/workerd-windows-64-1.20260821.1.tgz",
      "integrity": "sha512-oJBmQe9BPTiJzQcyFjmPt9Rsoj7x2iaCM0VLZDw/wr5o0NutfqkjlW0B8uxkoXqnS5Sbgirxcn70UGdmpAPaCw==",
      "cpu": [
        "x64"
      ],
      "dev": true,
      "license": "Apache-2.0",
      "optional": true,
      "os": [
        "win32"
      ],
      "engines": {
        "node": ">=16"
      }
    },
    "node_modules/workerd": {
      "version": "1.20260821.1",
      "resolved": "https://registry.npmjs.org/workerd/-/workerd-1.20260821.1.tgz",
      "integrity": "sha512-54HMuBh2TmB1xKbQcikxCs5RgVjRg0YkD5a7XyVnt+OK4Uo5j17KEoMa7LaHP5HMPtf4clRDyZaMXmeSlAV21Q==",
      "dev": true,
      "hasInstallScript": true,
      "license": "Apache-2.0",
      "bin": {
        "workerd": "bin/workerd"
      },
      "engines": {
        "node": ">=16"
      },
      "optionalDependencies": {
        "@cloudflare/workerd-darwin-64": "1.20260821.1",
        "@cloudflare/workerd-darwin-arm64": "1.20260821.1",
        "@cloudflare/workerd-linux-64": "1.20260821.1",
        "@cloudflare/workerd-linux-arm64": "1.20260821.1",
        "@cloudflare/workerd-windows-64": "1.20260821.1"
      }
    }
  }
}
